
Microsoft Visual Studio Solution File, Format Version 12.00
# Visual Studio Version 17
VisualStudioVersion = 17.13.35806.99 d17.13
MinimumVisualStudioVersion = 10.0.40219.1
Project("{8BC9CEB8-8B4A-11D0-8D11-00A0C91BC942}") = "8958_250217", "8958_250217\8958_250217.vcxproj", "{92109ADF-4A0F-45CA-9AA9-79D08B7B09C9}"
EndProject
Global
	GlobalSection(SolutionConfigurationPlatforms) = preSolution
		Debug|x64 = Debug|x64
		Debug|x86 = Debug|x86
		Release|x64 = Release|x64
		Release|x86 = Release|x86
	EndGlobalSection
	GlobalSection(ProjectConfigurationPlatforms) = postSolution
		{92109ADF-4A0F-45CA-9AA9-79D08B7B09C9}.Debug|x64.ActiveCfg = Debug|x64
		{92109ADF-4A0F-45CA-9AA9-79D08B7B09C9}.Debug|x64.Build.0 = Debug|x64
		{92109ADF-4A0F-45CA-9AA9-79D08B7B09C9}.Debug|x86.ActiveCfg = Debug|Win32
		{92109ADF-4A0F-45CA-9AA9-79D08B7B09C9}.Debug|x86.Build.0 = Debug|Win32
		{92109ADF-4A0F-45CA-9AA9-79D08B7B09C9}.Release|x64.ActiveCfg = Release|x64
		{92109ADF-4A0F-45CA-9AA9-79D08B7B09C9}.Release|x64.Build.0 = Release|x64
		{92109ADF-4A0F-45CA-9AA9-79D08B7B09C9}.Release|x86.ActiveCfg = Release|Win32
		{92109ADF-4A0F-45CA-9AA9-79D08B7B09C9}.Release|x86.Build.0 = Release|Win32
	EndGlobalSection
	GlobalSection(SolutionProperties) = preSolution
		HideSolutionNode = FALSE
	EndGlobalSection
	GlobalSection(ExtensibilityGlobals) = postSolution
		SolutionGuid = {F74699F1-D281-4096-A29B-7381B228F1E9}
	EndGlobalSection
EndGlobal
